// !$*UTF8*$!
{
	archiveVersion = 1;
	classes = {
	};
	objectVersion = 56;
	objects = {

/* Begin PBXBuildFile section */
		268E97AD2C2DE32800E1A4C0 /* BIPDemoApp.swift in Sources */ = {isa = PBXBuildFile; fileRef = 268E97AC2C2DE32800E1A4C0 /* BIPDemoApp.swift */; };
		268E97AF2C2DE32800E1A4C0 /* ContentView.swift in Sources */ = {isa = PBXBuildFile; fileRef = 268E97AE2C2DE32800E1A4C0 /* ContentView.swift */; };
		268E97B12C2DE32A00E1A4C0 /* Assets.xcassets in Resources */ = {isa = PBXBuildFile; fileRef = 268E97B02C2DE32A00E1A4C0 /* Assets.xcassets */; };
		268E97B52C2DE32A00E1A4C0 /* Preview Assets.xcassets in Resources */ = {isa = PBXBuildFile; fileRef = 268E97B42C2DE32A00E1A4C0 /* Preview Assets.xcassets */; };
		268E97BF2C2DE32B00E1A4C0 /* BIPDemoTests.swift in Sources */ = {isa = PBXBuildFile; fileRef = 268E97BE2C2DE32B00E1A4C0 /* BIPDemoTests.swift */; };
		268E97C92C2DE32B00E1A4C0 /* BIPDemoUITests.swift in Sources */ = {isa = PBXBuildFile; fileRef = 268E97C82C2DE32B00E1A4C0 /* BIPDemoUITests.swift */; };
		268E97CB2C2DE32B00E1A4C0 /* BIPDemoUITestsLaunchTests.swift in Sources */ = {isa = PBXBuildFile; fileRef = 268E97CA2C2DE32B00E1A4C0 /* BIPDemoUITestsLaunchTests.swift */; };
		268E97DB2C2DE66C00E1A4C0 /* FirebaseAuth in Frameworks */ = {isa = PBXBuildFile; productRef = 268E97DA2C2DE66C00E1A4C0 /* FirebaseAuth */; };
		268E97DD2C2DE66C00E1A4C0 /* FirebaseFirestore in Frameworks */ = {isa = PBXBuildFile; productRef = 268E97DC2C2DE66C00E1A4C0 /* FirebaseFirestore */; };
		268E97DF2C2DE66C00E1A4C0 /* FirebaseFirestoreSwift in Frameworks */ = {isa = PBXBuildFile; productRef = 268E97DE2C2DE66C00E1A4C0 /* FirebaseFirestoreSwift */; };
		268E97E12C2DE66C00E1A4C0 /* FirebaseFunctions in Frameworks */ = {isa = PBXBuildFile; productRef = 268E97E02C2DE66C00E1A4C0 /* FirebaseFunctions */; };
		268E97E32C2DE66C00E1A4C0 /* FirebaseStorage in Frameworks */ = {isa = PBXBuildFile; productRef = 268E97E22C2DE66C00E1A4C0 /* FirebaseStorage */; };
		268E97E52C2DE71000E1A4C0 /* Users.json in Resources */ = {isa = PBXBuildFile; fileRef = 268E97E42C2DE71000E1A4C0 /* Users.json */; };
		268E97EB2C2DE7D700E1A4C0 /* User.swift in Sources */ = {isa = PBXBuildFile; fileRef = 268E97EA2C2DE7D700E1A4C0 /* User.swift */; };
		268E97ED2C2DE86300E1A4C0 /* FirestoreService.swift in Sources */ = {isa = PBXBuildFile; fileRef = 268E97EC2C2DE86300E1A4C0 /* FirestoreService.swift */; };
		268E97F02C2DEFFB00E1A4C0 /* Enums.swift in Sources */ = {isa = PBXBuildFile; fileRef = 268E97EF2C2DEFFB00E1A4C0 /* Enums.swift */; };
		268E97F32C2DF09E00E1A4C0 /* JSONLoader.swift in Sources */ = {isa = PBXBuildFile; fileRef = 268E97F22C2DF09E00E1A4C0 /* JSONLoader.swift */; };
		268E97F52C2DFE4A00E1A4C0 /* GoogleService-Info.plist in Resources */ = {isa = PBXBuildFile; fileRef = 268E97F42C2DFE4A00E1A4C0 /* GoogleService-Info.plist */; };
		26DC4E252C2E1249001A8719 /* APIService.swift in Sources */ = {isa = PBXBuildFile; fileRef = 26DC4E242C2E1249001A8719 /* APIService.swift */; };
		26DC4E292C2E1433001A8719 /* UserFeedViewModel.swift in Sources */ = {isa = PBXBuildFile; fileRef = 26DC4E282C2E1432001A8719 /* UserFeedViewModel.swift */; };
		26DC4E2B2C2E1474001A8719 /* LoadingView.swift in Sources */ = {isa = PBXBuildFile; fileRef = 26DC4E2A2C2E1474001A8719 /* LoadingView.swift */; };
		26DC4E2D2C2E1488001A8719 /* UserProfileView.swift in Sources */ = {isa = PBXBuildFile; fileRef = 26DC4E2C2C2E1488001A8719 /* UserProfileView.swift */; };
		26DC4E2F2C2E1873001A8719 /* ActionMessageView.swift in Sources */ = {isa = PBXBuildFile; fileRef = 26DC4E2E2C2E1873001A8719 /* ActionMessageView.swift */; };
		26DC4E312C2E1F06001A8719 /* BackgroundView.swift in Sources */ = {isa = PBXBuildFile; fileRef = 26DC4E302C2E1F06001A8719 /* BackgroundView.swift */; };
		26DC4E332C2E1F2B001A8719 /* NextButtonView.swift in Sources */ = {isa = PBXBuildFile; fileRef = 26DC4E322C2E1F2B001A8719 /* NextButtonView.swift */; };
		26DC4E362C2E213E001A8719 /* MeetUserView.swift in Sources */ = {isa = PBXBuildFile; fileRef = 26DC4E352C2E213E001A8719 /* MeetUserView.swift */; };
		26DC4E392C2E2168001A8719 /* Color+Extensions.swift in Sources */ = {isa = PBXBuildFile; fileRef = 26DC4E382C2E2168001A8719 /* Color+Extensions.swift */; };
		26DC4E3D2C2E2289001A8719 /* UserProfileHeaderView.swift in Sources */ = {isa = PBXBuildFile; fileRef = 26DC4E3C2C2E2289001A8719 /* UserProfileHeaderView.swift */; };
		26DC4E3F2C2E2558001A8719 /* User+Extensions.swift in Sources */ = {isa = PBXBuildFile; fileRef = 26DC4E3E2C2E2558001A8719 /* User+Extensions.swift */; };
		26DC4E412C2E2B27001A8719 /* RemoteImageView.swift in Sources */ = {isa = PBXBuildFile; fileRef = 26DC4E402C2E2B27001A8719 /* RemoteImageView.swift */; };
		26DC4E462C2E2CF3001A8719 /* VideoPlayerView.swift in Sources */ = {isa = PBXBuildFile; fileRef = 26DC4E452C2E2CF3001A8719 /* VideoPlayerView.swift */; };
		26DC4E482C2E2ECA001A8719 /* ProfileComponentsView.swift in Sources */ = {isa = PBXBuildFile; fileRef = 26DC4E472C2E2ECA001A8719 /* ProfileComponentsView.swift */; };
		26DC4E4A2C2E3382001A8719 /* PassView.swift in Sources */ = {isa = PBXBuildFile; fileRef = 26DC4E492C2E3382001A8719 /* PassView.swift */; };
		26DC4E4C2C2E355A001A8719 /* RequestADateView.swift in Sources */ = {isa = PBXBuildFile; fileRef = 26DC4E4B2C2E355A001A8719 /* RequestADateView.swift */; };
/* End PBXBuildFile section */

/* Begin PBXContainerItemProxy section */
		268E97BB2C2DE32B00E1A4C0 /* PBXContainerItemProxy */ = {
			isa = PBXContainerItemProxy;
			containerPortal = 268E97A12C2DE32800E1A4C0 /* Project object */;
			proxyType = 1;
			remoteGlobalIDString = 268E97A82C2DE32800E1A4C0;
			remoteInfo = BIPDemo;
		};
		268E97C52C2DE32B00E1A4C0 /* PBXContainerItemProxy */ = {
			isa = PBXContainerItemProxy;
			containerPortal = 268E97A12C2DE32800E1A4C0 /* Project object */;
			proxyType = 1;
			remoteGlobalIDString = 268E97A82C2DE32800E1A4C0;
			remoteInfo = BIPDemo;
		};
/* End PBXContainerItemProxy section */

/* Begin PBXFileReference section */
		268E97A92C2DE32800E1A4C0 /* BIPDemo.app */ = {isa = PBXFileReference; explicitFileType = wrapper.application; includeInIndex = 0; path = BIPDemo.app; sourceTree = BUILT_PRODUCTS_DIR; };
		268E97AC2C2DE32800E1A4C0 /* BIPDemoApp.swift */ = {isa = PBXFileReference; lastKnownFileType = sourcecode.swift; path = BIPDemoApp.swift; sourceTree = "<group>"; };
		268E97AE2C2DE32800E1A4C0 /* ContentView.swift */ = {isa = PBXFileReference; lastKnownFileType = sourcecode.swift; path = ContentView.swift; sourceTree = "<group>"; };
		268E97B02C2DE32A00E1A4C0 /* Assets.xcassets */ = {isa = PBXFileReference; lastKnownFileType = folder.assetcatalog; path = Assets.xcassets; sourceTree = "<group>"; };
		268E97B22C2DE32A00E1A4C0 /* BIPDemo.entitlements */ = {isa = PBXFileReference; lastKnownFileType = text.plist.entitlements; path = BIPDemo.entitlements; sourceTree = "<group>"; };
		268E97B42C2DE32A00E1A4C0 /* Preview Assets.xcassets */ = {isa = PBXFileReference; lastKnownFileType = folder.assetcatalog; path = "Preview Assets.xcassets"; sourceTree = "<group>"; };
		268E97BA2C2DE32B00E1A4C0 /* BIPDemoTests.xctest */ = {isa = PBXFileReference; explicitFileType = wrapper.cfbundle; includeInIndex = 0; path = BIPDemoTests.xctest; sourceTree = BUILT_PRODUCTS_DIR; };
		268E97BE2C2DE32B00E1A4C0 /* BIPDemoTests.swift */ = {isa = PBXFileReference; lastKnownFileType = sourcecode.swift; path = BIPDemoTests.swift; sourceTree = "<group>"; };
		268E97C42C2DE32B00E1A4C0 /* BIPDemoUITests.xctest */ = {isa = PBXFileReference; explicitFileType = wrapper.cfbundle; includeInIndex = 0; path = BIPDemoUITests.xctest; sourceTree = BUILT_PRODUCTS_DIR; };
		268E97C82C2DE32B00E1A4C0 /* BIPDemoUITests.swift */ = {isa = PBXFileReference; lastKnownFileType = sourcecode.swift; path = BIPDemoUITests.swift; sourceTree = "<group>"; };
		268E97CA2C2DE32B00E1A4C0 /* BIPDemoUITestsLaunchTests.swift */ = {isa = PBXFileReference; lastKnownFileType = sourcecode.swift; path = BIPDemoUITestsLaunchTests.swift; sourceTree = "<group>"; };
		268E97E42C2DE71000E1A4C0 /* Users.json */ = {isa = PBXFileReference; fileEncoding = 4; lastKnownFileType = text.json; path = Users.json; sourceTree = "<group>"; };
		268E97EA2C2DE7D700E1A4C0 /* User.swift */ = {isa = PBXFileReference; lastKnownFileType = sourcecode.swift; path = User.swift; sourceTree = "<group>"; };
		268E97EC2C2DE86300E1A4C0 /* FirestoreService.swift */ = {isa = PBXFileReference; lastKnownFileType = sourcecode.swift; path = FirestoreService.swift; sourceTree = "<group>"; };
		268E97EF2C2DEFFB00E1A4C0 /* Enums.swift */ = {isa = PBXFileReference; lastKnownFileType = sourcecode.swift; path = Enums.swift; sourceTree = "<group>"; };
		268E97F22C2DF09E00E1A4C0 /* JSONLoader.swift */ = {isa = PBXFileReference; lastKnownFileType = sourcecode.swift; path = JSONLoader.swift; sourceTree = "<group>"; };
		268E97F42C2DFE4A00E1A4C0 /* GoogleService-Info.plist */ = {isa = PBXFileReference; fileEncoding = 4; lastKnownFileType = text.plist.xml; path = "GoogleService-Info.plist"; sourceTree = "<group>"; };
		26DC4E242C2E1249001A8719 /* APIService.swift */ = {isa = PBXFileReference; lastKnownFileType = sourcecode.swift; path = APIService.swift; sourceTree = "<group>"; };
		26DC4E282C2E1432001A8719 /* UserFeedViewModel.swift */ = {isa = PBXFileReference; lastKnownFileType = sourcecode.swift; path = UserFeedViewModel.swift; sourceTree = "<group>"; };
		26DC4E2A2C2E1474001A8719 /* LoadingView.swift */ = {isa = PBXFileReference; lastKnownFileType = sourcecode.swift; path = LoadingView.swift; sourceTree = "<group>"; };
		26DC4E2C2C2E1488001A8719 /* UserProfileView.swift */ = {isa = PBXFileReference; lastKnownFileType = sourcecode.swift; path = UserProfileView.swift; sourceTree = "<group>"; };
		26DC4E2E2C2E1873001A8719 /* ActionMessageView.swift */ = {isa = PBXFileReference; lastKnownFileType = sourcecode.swift; path = ActionMessageView.swift; sourceTree = "<group>"; };
		26DC4E302C2E1F06001A8719 /* BackgroundView.swift */ = {isa = PBXFileReference; fileEncoding = 4; lastKnownFileType = sourcecode.swift; path = BackgroundView.swift; sourceTree = "<group>"; };
		26DC4E322C2E1F2B001A8719 /* NextButtonView.swift */ = {isa = PBXFileReference; fileEncoding = 4; lastKnownFileType = sourcecode.swift; path = NextButtonView.swift; sourceTree = "<group>"; };
		26DC4E352C2E213E001A8719 /* MeetUserView.swift */ = {isa = PBXFileReference; lastKnownFileType = sourcecode.swift; path = MeetUserView.swift; sourceTree = "<group>"; };
		26DC4E382C2E2168001A8719 /* Color+Extensions.swift */ = {isa = PBXFileReference; lastKnownFileType = sourcecode.swift; path = "Color+Extensions.swift"; sourceTree = "<group>"; };
		26DC4E3C2C2E2289001A8719 /* UserProfileHeaderView.swift */ = {isa = PBXFileReference; lastKnownFileType = sourcecode.swift; path = UserProfileHeaderView.swift; sourceTree = "<group>"; };
		26DC4E3E2C2E2558001A8719 /* User+Extensions.swift */ = {isa = PBXFileReference; lastKnownFileType = sourcecode.swift; path = "User+Extensions.swift"; sourceTree = "<group>"; };
		26DC4E402C2E2B27001A8719 /* RemoteImageView.swift */ = {isa = PBXFileReference; lastKnownFileType = sourcecode.swift; path = RemoteImageView.swift; sourceTree = "<group>"; };
		26DC4E452C2E2CF3001A8719 /* VideoPlayerView.swift */ = {isa = PBXFileReference; lastKnownFileType = sourcecode.swift; path = VideoPlayerView.swift; sourceTree = "<group>"; };
		26DC4E472C2E2ECA001A8719 /* ProfileComponentsView.swift */ = {isa = PBXFileReference; lastKnownFileType = sourcecode.swift; path = ProfileComponentsView.swift; sourceTree = "<group>"; };
		26DC4E492C2E3382001A8719 /* PassView.swift */ = {isa = PBXFileReference; lastKnownFileType = sourcecode.swift; path = PassView.swift; sourceTree = "<group>"; };
		26DC4E4B2C2E355A001A8719 /* RequestADateView.swift */ = {isa = PBXFileReference; lastKnownFileType = sourcecode.swift; path = RequestADateView.swift; sourceTree = "<group>"; };
/* End PBXFileReference section */

/* Begin PBXFrameworksBuildPhase section */
		268E97A62C2DE32800E1A4C0 /* Frameworks */ = {
			isa = PBXFrameworksBuildPhase;
			buildActionMask = 2147483647;
			files = (
				268E97DB2C2DE66C00E1A4C0 /* FirebaseAuth in Frameworks */,
				268E97DD2C2DE66C00E1A4C0 /* FirebaseFirestore in Frameworks */,
				268E97DF2C2DE66C00E1A4C0 /* FirebaseFirestoreSwift in Frameworks */,
				268E97E32C2DE66C00E1A4C0 /* FirebaseStorage in Frameworks */,
				268E97E12C2DE66C00E1A4C0 /* FirebaseFunctions in Frameworks */,
			);
			runOnlyForDeploymentPostprocessing = 0;
		};
		268E97B72C2DE32B00E1A4C0 /* Frameworks */ = {
			isa = PBXFrameworksBuildPhase;
			buildActionMask = 2147483647;
			files = (
			);
			runOnlyForDeploymentPostprocessing = 0;
		};
		268E97C12C2DE32B00E1A4C0 /* Frameworks */ = {
			isa = PBXFrameworksBuildPhase;
			buildActionMask = 2147483647;
			files = (
			);
			runOnlyForDeploymentPostprocessing = 0;
		};
/* End PBXFrameworksBuildPhase section */

/* Begin PBXGroup section */
		268E97A02C2DE32800E1A4C0 = {
			isa = PBXGroup;
			children = (
				268E97F42C2DFE4A00E1A4C0 /* GoogleService-Info.plist */,
				268E97AB2C2DE32800E1A4C0 /* BIPDemo */,
				268E97BD2C2DE32B00E1A4C0 /* BIPDemoTests */,
				268E97C72C2DE32B00E1A4C0 /* BIPDemoUITests */,
				268E97AA2C2DE32800E1A4C0 /* Products */,
			);
			sourceTree = "<group>";
		};
		268E97AA2C2DE32800E1A4C0 /* Products */ = {
			isa = PBXGroup;
			children = (
				268E97A92C2DE32800E1A4C0 /* BIPDemo.app */,
				268E97BA2C2DE32B00E1A4C0 /* BIPDemoTests.xctest */,
				268E97C42C2DE32B00E1A4C0 /* BIPDemoUITests.xctest */,
			);
			name = Products;
			sourceTree = "<group>";
		};
		268E97AB2C2DE32800E1A4C0 /* BIPDemo */ = {
			isa = PBXGroup;
			children = (
				268E97EE2C2DEFEB00E1A4C0 /* Resources */,
				268E97F12C2DF08E00E1A4C0 /* Utils */,
				268E97E92C2DE7AD00E1A4C0 /* Services */,
				268E97E82C2DE7A800E1A4C0 /* ViewModels */,
				268E97E72C2DE7A400E1A4C0 /* Views */,
				268E97E62C2DE79F00E1A4C0 /* Models */,
				268E97AC2C2DE32800E1A4C0 /* BIPDemoApp.swift */,
				268E97AE2C2DE32800E1A4C0 /* ContentView.swift */,
				268E97B02C2DE32A00E1A4C0 /* Assets.xcassets */,
				268E97B22C2DE32A00E1A4C0 /* BIPDemo.entitlements */,
				268E97B32C2DE32A00E1A4C0 /* Preview Content */,
			);
			path = BIPDemo;
			sourceTree = "<group>";
		};
		268E97B32C2DE32A00E1A4C0 /* Preview Content */ = {
			isa = PBXGroup;
			children = (
				268E97B42C2DE32A00E1A4C0 /* Preview Assets.xcassets */,
			);
			path = "Preview Content";
			sourceTree = "<group>";
		};
		268E97BD2C2DE32B00E1A4C0 /* BIPDemoTests */ = {
			isa = PBXGroup;
			children = (
				268E97BE2C2DE32B00E1A4C0 /* BIPDemoTests.swift */,
			);
			path = BIPDemoTests;
			sourceTree = "<group>";
		};
		268E97C72C2DE32B00E1A4C0 /* BIPDemoUITests */ = {
			isa = PBXGroup;
			children = (
				268E97C82C2DE32B00E1A4C0 /* BIPDemoUITests.swift */,
				268E97CA2C2DE32B00E1A4C0 /* BIPDemoUITestsLaunchTests.swift */,
			);
			path = BIPDemoUITests;
			sourceTree = "<group>";
		};
		268E97E62C2DE79F00E1A4C0 /* Models */ = {
			isa = PBXGroup;
			children = (
				268E97EA2C2DE7D700E1A4C0 /* User.swift */,
				268E97EF2C2DEFFB00E1A4C0 /* Enums.swift */,
			);
			path = Models;
			sourceTree = "<group>";
		};
		268E97E72C2DE7A400E1A4C0 /* Views */ = {
			isa = PBXGroup;
			children = (
				26DC4E2C2C2E1488001A8719 /* UserProfileView.swift */,
				26DC4E342C2E2011001A8719 /* UserProfileComponents */,
				26DC4E442C2E2BD9001A8719 /* MediaLoading */,
				26DC4E322C2E1F2B001A8719 /* NextButtonView.swift */,
				26DC4E302C2E1F06001A8719 /* BackgroundView.swift */,
				26DC4E2A2C2E1474001A8719 /* LoadingView.swift */,
				26DC4E2E2C2E1873001A8719 /* ActionMessageView.swift */,
			);
			path = Views;
			sourceTree = "<group>";
		};
		268E97E82C2DE7A800E1A4C0 /* ViewModels */ = {
			isa = PBXGroup;
			children = (
				26DC4E282C2E1432001A8719 /* UserFeedViewModel.swift */,
			);
			path = ViewModels;
			sourceTree = "<group>";
		};
		268E97E92C2DE7AD00E1A4C0 /* Services */ = {
			isa = PBXGroup;
			children = (
				268E97EC2C2DE86300E1A4C0 /* FirestoreService.swift */,
				26DC4E242C2E1249001A8719 /* APIService.swift */,
			);
			path = Services;
			sourceTree = "<group>";
		};
		268E97EE2C2DEFEB00E1A4C0 /* Resources */ = {
			isa = PBXGroup;
			children = (
				268E97E42C2DE71000E1A4C0 /* Users.json */,
			);
			path = Resources;
			sourceTree = "<group>";
		};
		268E97F12C2DF08E00E1A4C0 /* Utils */ = {
			isa = PBXGroup;
			children = (
				26DC4E372C2E215F001A8719 /* Extensions */,
				268E97F22C2DF09E00E1A4C0 /* JSONLoader.swift */,
			);
			path = Utils;
			sourceTree = "<group>";
		};
		26DC4E342C2E2011001A8719 /* UserProfileComponents */ = {
			isa = PBXGroup;
			children = (
				26DC4E352C2E213E001A8719 /* MeetUserView.swift */,
				26DC4E3C2C2E2289001A8719 /* UserProfileHeaderView.swift */,
				26DC4E472C2E2ECA001A8719 /* ProfileComponentsView.swift */,
				26DC4E492C2E3382001A8719 /* PassView.swift */,
				26DC4E4B2C2E355A001A8719 /* RequestADateView.swift */,
			);
			path = UserProfileComponents;
			sourceTree = "<group>";
		};
		26DC4E372C2E215F001A8719 /* Extensions */ = {
			isa = PBXGroup;
			children = (
				26DC4E382C2E2168001A8719 /* Color+Extensions.swift */,
				26DC4E3E2C2E2558001A8719 /* User+Extensions.swift */,
			);
			path = Extensions;
			sourceTree = "<group>";
		};
		26DC4E442C2E2BD9001A8719 /* MediaLoading */ = {
			isa = PBXGroup;
			children = (
				26DC4E402C2E2B27001A8719 /* RemoteImageView.swift */,
				26DC4E452C2E2CF3001A8719 /* VideoPlayerView.swift */,
			);
			path = MediaLoading;
			sourceTree = "<group>";
		};
/* End PBXGroup section */

/* Begin PBXNativeTarget section */
		268E97A82C2DE32800E1A4C0 /* BIPDemo */ = {
			isa = PBXNativeTarget;
			buildConfigurationList = 268E97CE2C2DE32B00E1A4C0 /* Build configuration list for PBXNativeTarget "BIPDemo" */;
			buildPhases = (
				268E97A52C2DE32800E1A4C0 /* Sources */,
				268E97A62C2DE32800E1A4C0 /* Frameworks */,
				268E97A72C2DE32800E1A4C0 /* Resources */,
			);
			buildRules = (
			);
			dependencies = (
			);
			name = BIPDemo;
			packageProductDependencies = (
				268E97DA2C2DE66C00E1A4C0 /* FirebaseAuth */,
				268E97DC2C2DE66C00E1A4C0 /* FirebaseFirestore */,
				268E97DE2C2DE66C00E1A4C0 /* FirebaseFirestoreSwift */,
				268E97E02C2DE66C00E1A4C0 /* FirebaseFunctions */,
				268E97E22C2DE66C00E1A4C0 /* FirebaseStorage */,
			);
			productName = BIPDemo;
			productReference = 268E97A92C2DE32800E1A4C0 /* BIPDemo.app */;
			productType = "com.apple.product-type.application";
		};
		268E97B92C2DE32B00E1A4C0 /* BIPDemoTests */ = {
			isa = PBXNativeTarget;
			buildConfigurationList = 268E97D12C2DE32B00E1A4C0 /* Build configuration list for PBXNativeTarget "BIPDemoTests" */;
			buildPhases = (
				268E97B62C2DE32B00E1A4C0 /* Sources */,
				268E97B72C2DE32B00E1A4C0 /* Frameworks */,
				268E97B82C2DE32B00E1A4C0 /* Resources */,
			);
			buildRules = (
			);
			dependencies = (
				268E97BC2C2DE32B00E1A4C0 /* PBXTargetDependency */,
			);
			name = BIPDemoTests;
			productName = BIPDemoTests;
			productReference = 268E97BA2C2DE32B00E1A4C0 /* BIPDemoTests.xctest */;
			productType = "com.apple.product-type.bundle.unit-test";
		};
		268E97C32C2DE32B00E1A4C0 /* BIPDemoUITests */ = {
			isa = PBXNativeTarget;
			buildConfigurationList = 268E97D42C2DE32B00E1A4C0 /* Build configuration list for PBXNativeTarget "BIPDemoUITests" */;
			buildPhases = (
				268E97C02C2DE32B00E1A4C0 /* Sources */,
				268E97C12C2DE32B00E1A4C0 /* Frameworks */,
				268E97C22C2DE32B00E1A4C0 /* Resources */,
			);
			buildRules = (
			);
			dependencies = (
				268E97C62C2DE32B00E1A4C0 /* PBXTargetDependency */,
			);
			name = BIPDemoUITests;
			productName = BIPDemoUITests;
			productReference = 268E97C42C2DE32B00E1A4C0 /* BIPDemoUITests.xctest */;
			productType = "com.apple.product-type.bundle.ui-testing";
		};
/* End PBXNativeTarget section */

/* Begin PBXProject section */
		268E97A12C2DE32800E1A4C0 /* Project object */ = {
			isa = PBXProject;
			attributes = {
				BuildIndependentTargetsInParallel = 1;
				LastSwiftUpdateCheck = 1540;
				LastUpgradeCheck = 1540;
				TargetAttributes = {
					268E97A82C2DE32800E1A4C0 = {
						CreatedOnToolsVersion = 15.4;
					};
					268E97B92C2DE32B00E1A4C0 = {
						CreatedOnToolsVersion = 15.4;
						TestTargetID = 268E97A82C2DE32800E1A4C0;
					};
					268E97C32C2DE32B00E1A4C0 = {
						CreatedOnToolsVersion = 15.4;
						TestTargetID = 268E97A82C2DE32800E1A4C0;
					};
				};
			};
			buildConfigurationList = 268E97A42C2DE32800E1A4C0 /* Build configuration list for PBXProject "BIPDemo" */;
			compatibilityVersion = "Xcode 14.0";
			developmentRegion = en;
			hasScannedForEncodings = 0;
			knownRegions = (
				en,
				Base,
			);
			mainGroup = 268E97A02C2DE32800E1A4C0;
			packageReferences = (
				268E97D92C2DE66C00E1A4C0 /* XCRemoteSwiftPackageReference "firebase-ios-sdk" */,
			);
			productRefGroup = 268E97AA2C2DE32800E1A4C0 /* Products */;
			projectDirPath = "";
			projectRoot = "";
			targets = (
				268E97A82C2DE32800E1A4C0 /* BIPDemo */,
				268E97B92C2DE32B00E1A4C0 /* BIPDemoTests */,
				268E97C32C2DE32B00E1A4C0 /* BIPDemoUITests */,
			);
		};
/* End PBXProject section */

/* Begin PBXResourcesBuildPhase section */
		268E97A72C2DE32800E1A4C0 /* Resources */ = {
			isa = PBXResourcesBuildPhase;
			buildActionMask = 2147483647;
			files = (
				268E97E52C2DE71000E1A4C0 /* Users.json in Resources */,
				268E97F52C2DFE4A00E1A4C0 /* GoogleService-Info.plist in Resources */,
				268E97B52C2DE32A00E1A4C0 /* Preview Assets.xcassets in Resources */,
				268E97B12C2DE32A00E1A4C0 /* Assets.xcassets in Resources */,
			);
			runOnlyForDeploymentPostprocessing = 0;
		};
		268E97B82C2DE32B00E1A4C0 /* Resources */ = {
			isa = PBXResourcesBuildPhase;
			buildActionMask = 2147483647;
			files = (
			);
			runOnlyForDeploymentPostprocessing = 0;
		};
		268E97C22C2DE32B00E1A4C0 /* Resources */ = {
			isa = PBXResourcesBuildPhase;
			buildActionMask = 2147483647;
			files = (
			);
			runOnlyForDeploymentPostprocessing = 0;
		};
/* End PBXResourcesBuildPhase section */

/* Begin PBXSourcesBuildPhase section */
		268E97A52C2DE32800E1A4C0 /* Sources */ = {
			isa = PBXSourcesBuildPhase;
			buildActionMask = 2147483647;
			files = (
				26DC4E3F2C2E2558001A8719 /* User+Extensions.swift in Sources */,
				26DC4E2F2C2E1873001A8719 /* ActionMessageView.swift in Sources */,
				268E97AF2C2DE32800E1A4C0 /* ContentView.swift in Sources */,
				26DC4E4A2C2E3382001A8719 /* PassView.swift in Sources */,
				26DC4E312C2E1F06001A8719 /* BackgroundView.swift in Sources */,
				26DC4E332C2E1F2B001A8719 /* NextButtonView.swift in Sources */,
				26DC4E252C2E1249001A8719 /* APIService.swift in Sources */,
				26DC4E392C2E2168001A8719 /* Color+Extensions.swift in Sources */,
				268E97ED2C2DE86300E1A4C0 /* FirestoreService.swift in Sources */,
				26DC4E2B2C2E1474001A8719 /* LoadingView.swift in Sources */,
				268E97F32C2DF09E00E1A4C0 /* JSONLoader.swift in Sources */,
				26DC4E3D2C2E2289001A8719 /* UserProfileHeaderView.swift in Sources */,
				268E97F02C2DEFFB00E1A4C0 /* Enums.swift in Sources */,
				26DC4E362C2E213E001A8719 /* MeetUserView.swift in Sources */,
				26DC4E2D2C2E1488001A8719 /* UserProfileView.swift in Sources */,
				26DC4E412C2E2B27001A8719 /* RemoteImageView.swift in Sources */,
				26DC4E4C2C2E355A001A8719 /* RequestADateView.swift in Sources */,
				268E97AD2C2DE32800E1A4C0 /* BIPDemoApp.swift in Sources */,
				26DC4E292C2E1433001A8719 /* UserFeedViewModel.swift in Sources */,
				268E97EB2C2DE7D700E1A4C0 /* User.swift in Sources */,
				26DC4E482C2E2ECA001A8719 /* ProfileComponentsView.swift in Sources */,
				26DC4E462C2E2CF3001A8719 /* VideoPlayerView.swift in Sources */,
			);
			runOnlyForDeploymentPostprocessing = 0;
		};
		268E97B62C2DE32B00E1A4C0 /* Sources */ = {
			isa = PBXSourcesBuildPhase;
			buildActionMask = 2147483647;
			files = (
				268E97BF2C2DE32B00E1A4C0 /* BIPDemoTests.swift in Sources */,
			);
			runOnlyForDeploymentPostprocessing = 0;
		};
		268E97C02C2DE32B00E1A4C0 /* Sources */ = {
			isa = PBXSourcesBuildPhase;
			buildActionMask = 2147483647;
			files = (
				268E97C92C2DE32B00E1A4C0 /* BIPDemoUITests.swift in Sources */,
				268E97CB2C2DE32B00E1A4C0 /* BIPDemoUITestsLaunchTests.swift in Sources */,
			);
			runOnlyForDeploymentPostprocessing = 0;
		};
/* End PBXSourcesBuildPhase section */

/* Begin PBXTargetDependency section */
		268E97BC2C2DE32B00E1A4C0 /* PBXTargetDependency */ = {
			isa = PBXTargetDependency;
			target = 268E97A82C2DE32800E1A4C0 /* BIPDemo */;
			targetProxy = 268E97BB2C2DE32B00E1A4C0 /* PBXContainerItemProxy */;
		};
		268E97C62C2DE32B00E1A4C0 /* PBXTargetDependency */ = {
			isa = PBXTargetDependency;
			target = 268E97A82C2DE32800E1A4C0 /* BIPDemo */;
			targetProxy = 268E97C52C2DE32B00E1A4C0 /* PBXContainerItemProxy */;
		};
/* End PBXTargetDependency section */

/* Begin XCBuildConfiguration section */
		268E97CC2C2DE32B00E1A4C0 /* Debug */ = {
			isa = XCBuildConfiguration;
			buildSettings = {
				ALWAYS_SEARCH_USER_PATHS = NO;
				ASSETCATALOG_COMPILER_GENERATE_SWIFT_ASSET_SYMBOL_EXTENSIONS = YES;
				CLANG_ANALYZER_NONNULL = YES;
				CLANG_ANALYZER_NUMBER_OBJECT_CONVERSION = YES_AGGRESSIVE;
				CLANG_CXX_LANGUAGE_STANDARD = "gnu++20";
				CLANG_ENABLE_MODULES = YES;
				CLANG_ENABLE_OBJC_ARC = YES;
				CLANG_ENABLE_OBJC_WEAK = YES;
				CLANG_WARN_BLOCK_CAPTURE_AUTORELEASING = YES;
				CLANG_WARN_BOOL_CONVERSION = YES;
				CLANG_WARN_COMMA = YES;
				CLANG_WARN_CONSTANT_CONVERSION = YES;
				CLANG_WARN_DEPRECATED_OBJC_IMPLEMENTATIONS = YES;
				CLANG_WARN_DIRECT_OBJC_ISA_USAGE = YES_ERROR;
				CLANG_WARN_DOCUMENTATION_COMMENTS = YES;
				CLANG_WARN_EMPTY_BODY = YES;
				CLANG_WARN_ENUM_CONVERSION = YES;
				CLANG_WARN_INFINITE_RECURSION = YES;
				CLANG_WARN_INT_CONVERSION = YES;
				CLANG_WARN_NON_LITERAL_NULL_CONVERSION = YES;
				CLANG_WARN_OBJC_IMPLICIT_RETAIN_SELF = YES;
				CLANG_WARN_OBJC_LITERAL_CONVERSION = YES;
				CLANG_WARN_OBJC_ROOT_CLASS = YES_ERROR;
				CLANG_WARN_QUOTED_INCLUDE_IN_FRAMEWORK_HEADER = YES;
				CLANG_WARN_RANGE_LOOP_ANALYSIS = YES;
				CLANG_WARN_STRICT_PROTOTYPES = YES;
				CLANG_WARN_SUSPICIOUS_MOVE = YES;
				CLANG_WARN_UNGUARDED_AVAILABILITY = YES_AGGRESSIVE;
				CLANG_WARN_UNREACHABLE_CODE = YES;
				CLANG_WARN__DUPLICATE_METHOD_MATCH = YES;
				COPY_PHASE_STRIP = NO;
				DEBUG_INFORMATION_FORMAT = dwarf;
				ENABLE_STRICT_OBJC_MSGSEND = YES;
				ENABLE_TESTABILITY = YES;
				ENABLE_USER_SCRIPT_SANDBOXING = YES;
				GCC_C_LANGUAGE_STANDARD = gnu17;
				GCC_DYNAMIC_NO_PIC = NO;
				GCC_NO_COMMON_BLOCKS = YES;
				GCC_OPTIMIZATION_LEVEL = 0;
				GCC_PREPROCESSOR_DEFINITIONS = (
					"DEBUG=1",
					"$(inherited)",
				);
				GCC_WARN_64_TO_32_BIT_CONVERSION = YES;
				GCC_WARN_ABOUT_RETURN_TYPE = YES_ERROR;
				GCC_WARN_UNDECLARED_SELECTOR = YES;
				GCC_WARN_UNINITIALIZED_AUTOS = YES_AGGRESSIVE;
				GCC_WARN_UNUSED_FUNCTION = YES;
				GCC_WARN_UNUSED_VARIABLE = YES;
				LOCALIZATION_PREFERS_STRING_CATALOGS = YES;
				MTL_ENABLE_DEBUG_INFO = INCLUDE_SOURCE;
				MTL_FAST_MATH = YES;
				ONLY_ACTIVE_ARCH = YES;
				SWIFT_ACTIVE_COMPILATION_CONDITIONS = "DEBUG $(inherited)";
				SWIFT_OPTIMIZATION_LEVEL = "-Onone";
			};
			name = Debug;
		};
		268E97CD2C2DE32B00E1A4C0 /* Release */ = {
			isa = XCBuildConfiguration;
			buildSettings = {
				ALWAYS_SEARCH_USER_PATHS = NO;
				ASSETCATALOG_COMPILER_GENERATE_SWIFT_ASSET_SYMBOL_EXTENSIONS = YES;
				CLANG_ANALYZER_NONNULL = YES;
				CLANG_ANALYZER_NUMBER_OBJECT_CONVERSION = YES_AGGRESSIVE;
				CLANG_CXX_LANGUAGE_STANDARD = "gnu++20";
				CLANG_ENABLE_MODULES = YES;
				CLANG_ENABLE_OBJC_ARC = YES;
				CLANG_ENABLE_OBJC_WEAK = YES;
				CLANG_WARN_BLOCK_CAPTURE_AUTORELEASING = YES;
				CLANG_WARN_BOOL_CONVERSION = YES;
				CLANG_WARN_COMMA = YES;
				CLANG_WARN_CONSTANT_CONVERSION = YES;
				CLANG_WARN_DEPRECATED_OBJC_IMPLEMENTATIONS = YES;
				CLANG_WARN_DIRECT_OBJC_ISA_USAGE = YES_ERROR;
				CLANG_WARN_DOCUMENTATION_COMMENTS = YES;
				CLANG_WARN_EMPTY_BODY = YES;
				CLANG_WARN_ENUM_CONVERSION = YES;
				CLANG_WARN_INFINITE_RECURSION = YES;
				CLANG_WARN_INT_CONVERSION = YES;
				CLANG_WARN_NON_LITERAL_NULL_CONVERSION = YES;
				CLANG_WARN_OBJC_IMPLICIT_RETAIN_SELF = YES;
				CLANG_WARN_OBJC_LITERAL_CONVERSION = YES;
				CLANG_WARN_OBJC_ROOT_CLASS = YES_ERROR;
				CLANG_WARN_QUOTED_INCLUDE_IN_FRAMEWORK_HEADER = YES;
				CLANG_WARN_RANGE_LOOP_ANALYSIS = YES;
				CLANG_WARN_STRICT_PROTOTYPES = YES;
				CLANG_WARN_SUSPICIOUS_MOVE = YES;
				CLANG_WARN_UNGUARDED_AVAILABILITY = YES_AGGRESSIVE;
				CLANG_WARN_UNREACHABLE_CODE = YES;
				CLANG_WARN__DUPLICATE_METHOD_MATCH = YES;
				COPY_PHASE_STRIP = NO;
				DEBUG_INFORMATION_FORMAT = "dwarf-with-dsym";
				ENABLE_NS_ASSERTIONS = NO;
				ENABLE_STRICT_OBJC_MSGSEND = YES;
				ENABLE_USER_SCRIPT_SANDBOXING = YES;
				GCC_C_LANGUAGE_STANDARD = gnu17;
				GCC_NO_COMMON_BLOCKS = YES;
				GCC_WARN_64_TO_32_BIT_CONVERSION = YES;
				GCC_WARN_ABOUT_RETURN_TYPE = YES_ERROR;
				GCC_WARN_UNDECLARED_SELECTOR = YES;
				GCC_WARN_UNINITIALIZED_AUTOS = YES_AGGRESSIVE;
				GCC_WARN_UNUSED_FUNCTION = YES;
				GCC_WARN_UNUSED_VARIABLE = YES;
				LOCALIZATION_PREFERS_STRING_CATALOGS = YES;
				MTL_ENABLE_DEBUG_INFO = NO;
				MTL_FAST_MATH = YES;
				SWIFT_COMPILATION_MODE = wholemodule;
			};
			name = Release;
		};
		268E97CF2C2DE32B00E1A4C0 /* Debug */ = {
			isa = XCBuildConfiguration;
			buildSettings = {
				ASSETCATALOG_COMPILER_APPICON_NAME = AppIcon;
				ASSETCATALOG_COMPILER_GLOBAL_ACCENT_COLOR_NAME = AccentColor;
				CODE_SIGN_ENTITLEMENTS = BIPDemo/BIPDemo.entitlements;
				CODE_SIGN_STYLE = Automatic;
				CURRENT_PROJECT_VERSION = 1;
				DEVELOPMENT_ASSET_PATHS = "\"BIPDemo/Preview Content\"";
				DEVELOPMENT_TEAM = P235TPVD73;
				ENABLE_HARDENED_RUNTIME = YES;
				ENABLE_PREVIEWS = YES;
				GENERATE_INFOPLIST_FILE = YES;
				INFOPLIST_KEY_CFBundleDisplayName = BIPDemo;
				"INFOPLIST_KEY_UIApplicationSceneManifest_Generation[sdk=iphoneos*]" = YES;
				"INFOPLIST_KEY_UIApplicationSceneManifest_Generation[sdk=iphonesimulator*]" = YES;
				"INFOPLIST_KEY_UIApplicationSupportsIndirectInputEvents[sdk=iphoneos*]" = YES;
				"INFOPLIST_KEY_UIApplicationSupportsIndirectInputEvents[sdk=iphonesimulator*]" = YES;
				"INFOPLIST_KEY_UILaunchScreen_Generation[sdk=iphoneos*]" = YES;
				"INFOPLIST_KEY_UILaunchScreen_Generation[sdk=iphonesimulator*]" = YES;
				"INFOPLIST_KEY_UIStatusBarStyle[sdk=iphoneos*]" = UIStatusBarStyleDefault;
				"INFOPLIST_KEY_UIStatusBarStyle[sdk=iphonesimulator*]" = UIStatusBarStyleDefault;
				INFOPLIST_KEY_UISupportedInterfaceOrientations_iPad = "UIInterfaceOrientationPortrait UIInterfaceOrientationPortraitUpsideDown UIInterfaceOrientationLandscapeLeft UIInterfaceOrientationLandscapeRight";
				INFOPLIST_KEY_UISupportedInterfaceOrientations_iPhone = "UIInterfaceOrientationPortrait UIInterfaceOrientationLandscapeLeft UIInterfaceOrientationLandscapeRight";
				IPHONEOS_DEPLOYMENT_TARGET = 17.5;
				LD_RUNPATH_SEARCH_PATHS = "@executable_path/Frameworks";
				"LD_RUNPATH_SEARCH_PATHS[sdk=macosx*]" = "@executable_path/../Frameworks";
				MACOSX_DEPLOYMENT_TARGET = 14.0;
				MARKETING_VERSION = 1.0;
				PRODUCT_BUNDLE_IDENTIFIER = bipdemo.BIPDemo;
				PRODUCT_NAME = "$(TARGET_NAME)";
				SDKROOT = auto;
				SUPPORTED_PLATFORMS = "iphoneos iphonesimulator macosx";
				SWIFT_EMIT_LOC_STRINGS = YES;
				SWIFT_VERSION = 5.0;
				TARGETED_DEVICE_FAMILY = "1,2";
			};
			name = Debug;
		};
		268E97D02C2DE32B00E1A4C0 /* Release */ = {
			isa = XCBuildConfiguration;
			buildSettings = {
				ASSETCATALOG_COMPILER_APPICON_NAME = AppIcon;
				ASSETCATALOG_COMPILER_GLOBAL_ACCENT_COLOR_NAME = AccentColor;
				CODE_SIGN_ENTITLEMENTS = BIPDemo/BIPDemo.entitlements;
				CODE_SIGN_STYLE = Automatic;
				CURRENT_PROJECT_VERSION = 1;
				DEVELOPMENT_ASSET_PATHS = "\"BIPDemo/Preview Content\"";
				DEVELOPMENT_TEAM = P235TPVD73;
				ENABLE_HARDENED_RUNTIME = YES;
				ENABLE_PREVIEWS = YES;
				GENERATE_INFOPLIST_FILE = YES;
				INFOPLIST_KEY_CFBundleDisplayName = BIPDemo;
				"INFOPLIST_KEY_UIApplicationSceneManifest_Generation[sdk=iphoneos*]" = YES;
				"INFOPLIST_KEY_UIApplicationSceneManifest_Generation[sdk=iphonesimulator*]" = YES;
				"INFOPLIST_KEY_UIApplicationSupportsIndirectInputEvents[sdk=iphoneos*]" = YES;
				"INFOPLIST_KEY_UIApplicationSupportsIndirectInputEvents[sdk=iphonesimulator*]" = YES;
				"INFOPLIST_KEY_UILaunchScreen_Generation[sdk=iphoneos*]" = YES;
				"INFOPLIST_KEY_UILaunchScreen_Generation[sdk=iphonesimulator*]" = YES;
				"INFOPLIST_KEY_UIStatusBarStyle[sdk=iphoneos*]" = UIStatusBarStyleDefault;
				"INFOPLIST_KEY_UIStatusBarStyle[sdk=iphonesimulator*]" = UIStatusBarStyleDefault;
				INFOPLIST_KEY_UISupportedInterfaceOrientations_iPad = "UIInterfaceOrientationPortrait UIInterfaceOrientationPortraitUpsideDown UIInterfaceOrientationLandscapeLeft UIInterfaceOrientationLandscapeRight";
				INFOPLIST_KEY_UISupportedInterfaceOrientations_iPhone = "UIInterfaceOrientationPortrait UIInterfaceOrientationLandscapeLeft UIInterfaceOrientationLandscapeRight";
				IPHONEOS_DEPLOYMENT_TARGET = 17.5;
				LD_RUNPATH_SEARCH_PATHS = "@executable_path/Frameworks";
				"LD_RUNPATH_SEARCH_PATHS[sdk=macosx*]" = "@executable_path/../Frameworks";
				MACOSX_DEPLOYMENT_TARGET = 14.0;
				MARKETING_VERSION = 1.0;
				PRODUCT_BUNDLE_IDENTIFIER = bipdemo.BIPDemo;
				PRODUCT_NAME = "$(TARGET_NAME)";
				SDKROOT = auto;
				SUPPORTED_PLATFORMS = "iphoneos iphonesimulator macosx";
				SWIFT_EMIT_LOC_STRINGS = YES;
				SWIFT_VERSION = 5.0;
				TARGETED_DEVICE_FAMILY = "1,2";
			};
			name = Release;
		};
		268E97D22C2DE32B00E1A4C0 /* Debug */ = {
			isa = XCBuildConfiguration;
			buildSettings = {
				ALWAYS_EMBED_SWIFT_STANDARD_LIBRARIES = YES;
				BUNDLE_LOADER = "$(TEST_HOST)";
				CODE_SIGN_STYLE = Automatic;
				CURRENT_PROJECT_VERSION = 1;
				DEVELOPMENT_TEAM = P235TPVD73;
				GENERATE_INFOPLIST_FILE = YES;
				IPHONEOS_DEPLOYMENT_TARGET = 17.5;
				MACOSX_DEPLOYMENT_TARGET = 14.0;
				MARKETING_VERSION = 1.0;
				PRODUCT_BUNDLE_IDENTIFIER = bipdemo.BIPDemoTests;
				PRODUCT_NAME = "$(TARGET_NAME)";
				SDKROOT = auto;
				SUPPORTED_PLATFORMS = "iphoneos iphonesimulator macosx";
				SWIFT_EMIT_LOC_STRINGS = NO;
				SWIFT_VERSION = 5.0;
				TARGETED_DEVICE_FAMILY = "1,2";
				TEST_HOST = "$(BUILT_PRODUCTS_DIR)/BIPDemo.app/$(BUNDLE_EXECUTABLE_FOLDER_PATH)/BIPDemo";
			};
			name = Debug;
		};
		268E97D32C2DE32B00E1A4C0 /* Release */ = {
			isa = XCBuildConfiguration;
			buildSettings = {
				ALWAYS_EMBED_SWIFT_STANDARD_LIBRARIES = YES;
				BUNDLE_LOADER = "$(TEST_HOST)";
				CODE_SIGN_STYLE = Automatic;
				CURRENT_PROJECT_VERSION = 1;
				DEVELOPMENT_TEAM = P235TPVD73;
				GENERATE_INFOPLIST_FILE = YES;
				IPHONEOS_DEPLOYMENT_TARGET = 17.5;
				MACOSX_DEPLOYMENT_TARGET = 14.0;
				MARKETING_VERSION = 1.0;
				PRODUCT_BUNDLE_IDENTIFIER = bipdemo.BIPDemoTests;
				PRODUCT_NAME = "$(TARGET_NAME)";
				SDKROOT = auto;
				SUPPORTED_PLATFORMS = "iphoneos iphonesimulator macosx";
				SWIFT_EMIT_LOC_STRINGS = NO;
				SWIFT_VERSION = 5.0;
				TARGETED_DEVICE_FAMILY = "1,2";
				TEST_HOST = "$(BUILT_PRODUCTS_DIR)/BIPDemo.app/$(BUNDLE_EXECUTABLE_FOLDER_PATH)/BIPDemo";
			};
			name = Release;
		};
		268E97D52C2DE32B00E1A4C0 /* Debug */ = {
			isa = XCBuildConfiguration;
			buildSettings = {
				ALWAYS_EMBED_SWIFT_STANDARD_LIBRARIES = YES;
				CODE_SIGN_STYLE = Automatic;
				CURRENT_PROJECT_VERSION = 1;
				DEVELOPMENT_TEAM = P235TPVD73;
				GENERATE_INFOPLIST_FILE = YES;
				IPHONEOS_DEPLOYMENT_TARGET = 17.5;
				MACOSX_DEPLOYMENT_TARGET = 14.0;
				MARKETING_VERSION = 1.0;
				PRODUCT_BUNDLE_IDENTIFIER = bipdemo.BIPDemoUITests;
				PRODUCT_NAME = "$(TARGET_NAME)";
				SDKROOT = auto;
				SUPPORTED_PLATFORMS = "iphoneos iphonesimulator macosx";
				SWIFT_EMIT_LOC_STRINGS = NO;
				SWIFT_VERSION = 5.0;
				TARGETED_DEVICE_FAMILY = "1,2";
				TEST_TARGET_NAME = BIPDemo;
			};
			name = Debug;
		};
		268E97D62C2DE32B00E1A4C0 /* Release */ = {
			isa = XCBuildConfiguration;
			buildSettings = {
				ALWAYS_EMBED_SWIFT_STANDARD_LIBRARIES = YES;
				CODE_SIGN_STYLE = Automatic;
				CURRENT_PROJECT_VERSION = 1;
				DEVELOPMENT_TEAM = P235TPVD73;
				GENERATE_INFOPLIST_FILE = YES;
				IPHONEOS_DEPLOYMENT_TARGET = 17.5;
				MACOSX_DEPLOYMENT_TARGET = 14.0;
				MARKETING_VERSION = 1.0;
				PRODUCT_BUNDLE_IDENTIFIER = bipdemo.BIPDemoUITests;
				PRODUCT_NAME = "$(TARGET_NAME)";
				SDKROOT = auto;
				SUPPORTED_PLATFORMS = "iphoneos iphonesimulator macosx";
				SWIFT_EMIT_LOC_STRINGS = NO;
				SWIFT_VERSION = 5.0;
				TARGETED_DEVICE_FAMILY = "1,2";
				TEST_TARGET_NAME = BIPDemo;
			};
			name = Release;
		};
/* End XCBuildConfiguration section */

/* Begin XCConfigurationList section */
		268E97A42C2DE32800E1A4C0 /* Build configuration list for PBXProject "BIPDemo" */ = {
			isa = XCConfigurationList;
			buildConfigurations = (
				268E97CC2C2DE32B00E1A4C0 /* Debug */,
				268E97CD2C2DE32B00E1A4C0 /* Release */,
			);
			defaultConfigurationIsVisible = 0;
			defaultConfigurationName = Release;
		};
		268E97CE2C2DE32B00E1A4C0 /* Build configuration list for PBXNativeTarget "BIPDemo" */ = {
			isa = XCConfigurationList;
			buildConfigurations = (
				268E97CF2C2DE32B00E1A4C0 /* Debug */,
				268E97D02C2DE32B00E1A4C0 /* Release */,
			);
			defaultConfigurationIsVisible = 0;
			defaultConfigurationName = Release;
		};
		268E97D12C2DE32B00E1A4C0 /* Build configuration list for PBXNativeTarget "BIPDemoTests" */ = {
			isa = XCConfigurationList;
			buildConfigurations = (
				268E97D22C2DE32B00E1A4C0 /* Debug */,
				268E97D32C2DE32B00E1A4C0 /* Release */,
			);
			defaultConfigurationIsVisible = 0;
			defaultConfigurationName = Release;
		};
		268E97D42C2DE32B00E1A4C0 /* Build configuration list for PBXNativeTarget "BIPDemoUITests" */ = {
			isa = XCConfigurationList;
			buildConfigurations = (
				268E97D52C2DE32B00E1A4C0 /* Debug */,
				268E97D62C2DE32B00E1A4C0 /* Release */,
			);
			defaultConfigurationIsVisible = 0;
			defaultConfigurationName = Release;
		};
/* End XCConfigurationList section */

/* Begin XCRemoteSwiftPackageReference section */
		268E97D92C2DE66C00E1A4C0 /* XCRemoteSwiftPackageReference "firebase-ios-sdk" */ = {
			isa = XCRemoteSwiftPackageReference;
			repositoryURL = "https://github.com/firebase/firebase-ios-sdk.git";
			requirement = {
				kind = upToNextMajorVersion;
				minimumVersion = 10.28.1;
			};
		};
/* End XCRemoteSwiftPackageReference section */

/* Begin XCSwiftPackageProductDependency section */
		268E97DA2C2DE66C00E1A4C0 /* FirebaseAuth */ = {
			isa = XCSwiftPackageProductDependency;
			package = 268E97D92C2DE66C00E1A4C0 /* XCRemoteSwiftPackageReference "firebase-ios-sdk" */;
			productName = FirebaseAuth;
		};
		268E97DC2C2DE66C00E1A4C0 /* FirebaseFirestore */ = {
			isa = XCSwiftPackageProductDependency;
			package = 268E97D92C2DE66C00E1A4C0 /* XCRemoteSwiftPackageReference "firebase-ios-sdk" */;
			productName = FirebaseFirestore;
		};
		268E97DE2C2DE66C00E1A4C0 /* FirebaseFirestoreSwift */ = {
			isa = XCSwiftPackageProductDependency;
			package = 268E97D92C2DE66C00E1A4C0 /* XCRemoteSwiftPackageReference "firebase-ios-sdk" */;
			productName = FirebaseFirestoreSwift;
		};
		268E97E02C2DE66C00E1A4C0 /* FirebaseFunctions */ = {
			isa = XCSwiftPackageProductDependency;
			package = 268E97D92C2DE66C00E1A4C0 /* XCRemoteSwiftPackageReference "firebase-ios-sdk" */;
			productName = FirebaseFunctions;
		};
		268E97E22C2DE66C00E1A4C0 /* FirebaseStorage */ = {
			isa = XCSwiftPackageProductDependency;
			package = 268E97D92C2DE66C00E1A4C0 /* XCRemoteSwiftPackageReference "firebase-ios-sdk" */;
			productName = FirebaseStorage;
		};
/* End XCSwiftPackageProductDependency section */
	};
	rootObject = 268E97A12C2DE32800E1A4C0 /* Project object */;
}
